
Microsoft Visual Studio Solution File, Format Version 12.00
# Visual Studio 15
VisualStudioVersion = 15.0.26403.7
MinimumVisualStudioVersion = 10.0.40219.1
Project("{FAE04EC0-301F-11D3-BF4B-00C04F79EFBC}") = "SPCodeRun.SharePointContext", "SPCodeRun.Csom\SPCodeRun.SharePointContext.csproj", "{4424386A-0C7D-44D8-AEF6-E3CBC6C8AFA3}"
EndProject
Project("{FAE04EC0-301F-11D3-BF4B-00C04F79EFBC}") = "SPCodeRun.Cmd", "SPCodeRun.Cmd\SPCodeRun.Cmd.csproj", "{F3E8AE3E-8CF3-4F39-81E6-B47986B57B46}"
EndProject
Global
	GlobalSection(SolutionConfigurationPlatforms) = preSolution
		Debug|Any CPU = Debug|Any CPU
		Release|Any CPU = Release|Any CPU
	EndGlobalSection
	GlobalSection(ProjectConfigurationPlatforms) = postSolution
		{4424386A-0C7D-44D8-AEF6-E3CBC6C8AFA3}.Debug|Any CPU.ActiveCfg = Debug|Any CPU
		{4424386A-0C7D-44D8-AEF6-E3CBC6C8AFA3}.Debug|Any CPU.Build.0 = Debug|Any CPU
		{4424386A-0C7D-44D8-AEF6-E3CBC6C8AFA3}.Release|Any CPU.ActiveCfg = Release|Any CPU
		{4424386A-0C7D-44D8-AEF6-E3CBC6C8AFA3}.Release|Any CPU.Build.0 = Release|Any CPU
		{F3E8AE3E-8CF3-4F39-81E6-B47986B57B46}.Debug|Any CPU.ActiveCfg = Debug|Any CPU
		{F3E8AE3E-8CF3-4F39-81E6-B47986B57B46}.Debug|Any CPU.Build.0 = Debug|Any CPU
		{F3E8AE3E-8CF3-4F39-81E6-B47986B57B46}.Release|Any CPU.ActiveCfg = Release|Any CPU
		{F3E8AE3E-8CF3-4F39-81E6-B47986B57B46}.Release|Any CPU.Build.0 = Release|Any CPU
	EndGlobalSection
	GlobalSection(SolutionProperties) = preSolution
		HideSolutionNode = FALSE
	EndGlobalSection
EndGlobal
